
Microsoft Visual Studio Solution File, Format Version 12.00
# Visual Studio 14
VisualStudioVersion = 14.0.25420.1
MinimumVisualStudioVersion = 10.0.40219.1
Project("{FAE04EC0-301F-11D3-BF4B-00C04F79EFBC}") = "Autofac.IoC", "Autofac.IoC\Autofac.IoC.csproj", "{69F14494-C02E-4BB6-A14F-DA3F131AB94E}"
EndProject
Project("{FAE04EC0-301F-11D3-BF4B-00C04F79EFBC}") = "Autofac.IoC.Tests", "Autofac.IoC.Tests\Autofac.IoC.Tests.csproj", "{9E453B2B-4DE2-409E-ACA6-98234BF188F2}"
EndProject
Global
	GlobalSection(SolutionConfigurationPlatforms) = preSolution
		Debug|Any CPU = Debug|Any CPU
		Release|Any CPU = Release|Any CPU
	EndGlobalSection
	GlobalSection(ProjectConfigurationPlatforms) = postSolution
		{69F14494-C02E-4BB6-A14F-DA3F131AB94E}.Debug|Any CPU.ActiveCfg = Debug|Any CPU
		{69F14494-C02E-4BB6-A14F-DA3F131AB94E}.Debug|Any CPU.Build.0 = Debug|Any CPU
		{69F14494-C02E-4BB6-A14F-DA3F131AB94E}.Release|Any CPU.ActiveCfg = Release|Any CPU
		{69F14494-C02E-4BB6-A14F-DA3F131AB94E}.Release|Any CPU.Build.0 = Release|Any CPU
		{9E453B2B-4DE2-409E-ACA6-98234BF188F2}.Debug|Any CPU.ActiveCfg = Debug|Any CPU
		{9E453B2B-4DE2-409E-ACA6-98234BF188F2}.Debug|Any CPU.Build.0 = Debug|Any CPU
		{9E453B2B-4DE2-409E-ACA6-98234BF188F2}.Release|Any CPU.ActiveCfg = Release|Any CPU
		{9E453B2B-4DE2-409E-ACA6-98234BF188F2}.Release|Any CPU.Build.0 = Release|Any CPU
	EndGlobalSection
	GlobalSection(SolutionProperties) = preSolution
		HideSolutionNode = FALSE
	EndGlobalSection
EndGlobal
